
Microsoft Visual Studio Solution File, Format Version 12.00
# Visual Studio Version 17
VisualStudioVersion = 17.14.36616.10 d17.14
MinimumVisualStudioVersion = 10.0.40219.1
Project("{FAE04EC0-301F-11D3-BF4B-00C04F79EFBC}") = "CRUD", "CRUD\CRUD.csproj", "{77A9093A-FBD3-4501-A65D-D0E5206EBD4A}"
EndProject
Global
	GlobalSection(SolutionConfigurationPlatforms) = preSolution
		Debug|Any CPU = Debug|Any CPU
		Release|Any CPU = Release|Any CPU
	EndGlobalSection
	GlobalSection(ProjectConfigurationPlatforms) = postSolution
		{77A9093A-FBD3-4501-A65D-D0E5206EBD4A}.Debug|Any CPU.ActiveCfg = Debug|Any CPU
		{77A9093A-FBD3-4501-A65D-D0E5206EBD4A}.Debug|Any CPU.Build.0 = Debug|Any CPU
		{77A9093A-FBD3-4501-A65D-D0E5206EBD4A}.Release|Any CPU.ActiveCfg = Release|Any CPU
		{77A9093A-FBD3-4501-A65D-D0E5206EBD4A}.Release|Any CPU.Build.0 = Release|Any CPU
	EndGlobalSection
	GlobalSection(SolutionProperties) = preSolution
		HideSolutionNode = FALSE
	EndGlobalSection
	GlobalSection(ExtensibilityGlobals) = postSolution
		SolutionGuid = {21637E43-7234-48EA-9EA0-DB11DFC6EE78}
	EndGlobalSection
EndGlobal
